{
  "nodes": {
    "nixos_2411": {
      "flake": false,
      "locked": {
        "lastModified": 1745379839,
        "narHash": "sha256-4i4BgNmFmWXlDuGnGV9lYxak+48cXP9BUDV2z/KpmRs=",
        "rev": "9684b53175fc6c09581e94cc85f05ab77464c7e3",
        "type": "tarball",
        "url": "https://releases.nixos.org/nixos/24.11/nixos-24.11.717196.9684b53175fc/nixexprs.tar.xz"
      },
      "original": {
        "type": "tarball",
        "url": "https://channels.nixos.org/nixos-24.11/nixexprs.tar.xz"
      }
    },
    "nixos_unstable": {
      "flake": false,
      "locked": {
        "lastModified": 1745351412,
        "narHash": "sha256-HQ4k20o3kwWKIMJMMohl23kf3Qn4vZCSLPnbtzTXJig=",
        "rev": "c11863f1e964833214b767f4a369c6e6a7aba141",
        "type": "tarball",
        "url": "https://releases.nixos.org/nixos/unstable/nixos-25.05pre787278.c11863f1e964/nixexprs.tar.xz"
      },
      "original": {
        "type": "tarball",
        "url": "https://channels.nixos.org/nixos-unstable/nixexprs.tar.xz"
      }
    },
    "root": {
      "inputs": {
        "nixos_2411": "nixos_2411",
        "nixos_unstable": "nixos_unstable"
      }
    }
  },
  "root": "root",
  "version": 7
}
