{
  "nodes": {
    "nixpkgs": {
      "locked": {
        "lastModified": 1708905709,
        "narHash": "sha256-JniLYT+Hirqcnd0hRVa64pyGW2Ve/QBLzLvndw4KK2U=",
        "owner": "NixOS",
        "repo": "nixpkgs",
        "rev": "75f9d4f7cf99764b304d60fc6c8963ce565ed2f5",
        "type": "github"
      },
      "original": {
        "owner": "NixOS",
        "repo": "nixpkgs",
        "type": "github"
      }
    },
    "root": {
      "inputs": {
        "nixpkgs": "nixpkgs"
      }
    }
  },
  "root": "root",
  "version": 7
}
