name: Update flake lock
on:
  workflow_dispatch: # allows manual triggering
  schedule:
    # daily
    - cron: "0 0 * * *"
permissions: {}
jobs:
  update-flake-lock:
    runs-on: ubuntu-latest
    permissions:
      contents: write
      pull-requests: write
    steps:
      - uses: actions/checkout@b4ffde65f46336ab88eb53be808477a3936bae11 # v4.1.1
      - uses: DeterminateSystems/nix-installer-action@8cdf194da984e4f12b2f8c36d1fa107c1dd67f5c # v11
      - uses: DeterminateSystems/update-flake-lock@da2fd6f2563fe3e4f2af8be73b864088564e263d # v20
