name: update-flake-lock
on:
  workflow_dispatch: # allows manual triggering
  schedule:
    # daily
    - cron: "0 0 * * *"

jobs:
  update-flake-lock:
    runs-on: ubuntu-latest
    steps:
      - uses: actions/checkout@v4
      - uses: DeterminateSystems/nix-installer-action@v6
      - uses: DeterminateSystems/update-flake-lock@v19
