name: Update flake lock
on:
  workflow_dispatch: # allows manual triggering
  schedule:
    # daily
    - cron: "0 0 * * *"

jobs:
  update-flake-lock:
    runs-on: ubuntu-latest
    steps:
      - uses: actions/checkout@b4ffde65f46336ab88eb53be808477a3936bae11 # v4.1.1
      - uses: DeterminateSystems/nix-installer-action@bc7b19257469c8029b46f45ac99ecc11156c8b2d # v6
      - uses: DeterminateSystems/update-flake-lock@dec3bc3c9b11c3b9d547f47dfb579b91a6051603 # v19
